// !$*UTF8*$!
{
	archiveVersion = 1;
	classes = {
	};
	objectVersion = 55;
	objects = {

/* Begin PBXBuildFile section */
		520194012C40ADDB00E50B56 /* ProductDetailsVC.swift in Sources */ = {isa = PBXBuildFile; fileRef = 520194002C40ADDB00E50B56 /* ProductDetailsVC.swift */; };
		520194062C41BC2600E50B56 /* ChatListViewController.swift in Sources */ = {isa = PBXBuildFile; fileRef = 520194052C41BC2600E50B56 /* ChatListViewController.swift */; };
		520194092C41BE8600E50B56 /* ChatListTableViewCell.swift in Sources */ = {isa = PBXBuildFile; fileRef = 520194072C41BE8600E50B56 /* ChatListTableViewCell.swift */; };
		5201940A2C41BE8600E50B56 /* ChatListTableViewCell.xib in Resources */ = {isa = PBXBuildFile; fileRef = 520194082C41BE8600E50B56 /* ChatListTableViewCell.xib */; };
		52153A722BB0CF5000690408 /* NewCollectionVc.swift in Sources */ = {isa = PBXBuildFile; fileRef = 52153A712BB0CF5000690408 /* NewCollectionVc.swift */; };
		52153A762BB0DD8D00690408 /* SubCategoriesCollectionViewCell.swift in Sources */ = {isa = PBXBuildFile; fileRef = 52153A742BB0DD8D00690408 /* SubCategoriesCollectionViewCell.swift */; };
		52153A772BB0DD8D00690408 /* SubCategoriesCollectionViewCell.xib in Resources */ = {isa = PBXBuildFile; fileRef = 52153A752BB0DD8D00690408 /* SubCategoriesCollectionViewCell.xib */; };
		5227CD042B97C85E008388D5 /* AppDelegate.swift in Sources */ = {isa = PBXBuildFile; fileRef = 5227CD032B97C85E008388D5 /* AppDelegate.swift */; };
		5227CD062B97C85E008388D5 /* SceneDelegate.swift in Sources */ = {isa = PBXBuildFile; fileRef = 5227CD052B97C85E008388D5 /* SceneDelegate.swift */; };
		5227CD0B2B97C85E008388D5 /* Main.storyboard in Resources */ = {isa = PBXBuildFile; fileRef = 5227CD092B97C85E008388D5 /* Main.storyboard */; };
		5227CD0D2B97C862008388D5 /* Assets.xcassets in Resources */ = {isa = PBXBuildFile; fileRef = 5227CD0C2B97C862008388D5 /* Assets.xcassets */; };
		5227CD102B97C862008388D5 /* LaunchScreen.storyboard in Resources */ = {isa = PBXBuildFile; fileRef = 5227CD0E2B97C862008388D5 /* LaunchScreen.storyboard */; };
		5227CD182B97CA4A008388D5 /* signinVc.swift in Sources */ = {isa = PBXBuildFile; fileRef = 5227CD172B97CA4A008388D5 /* signinVc.swift */; };
		527351AD2BB8D0B0007494F6 /* ListProductsCollectionViewCell.swift in Sources */ = {isa = PBXBuildFile; fileRef = 527351AB2BB8D0AF007494F6 /* ListProductsCollectionViewCell.swift */; };
		527351AE2BB8D0B0007494F6 /* ListProductsCollectionViewCell.xib in Resources */ = {isa = PBXBuildFile; fileRef = 527351AC2BB8D0AF007494F6 /* ListProductsCollectionViewCell.xib */; };
		527351B02BBC965D007494F6 /* CardViewLayout.swift in Sources */ = {isa = PBXBuildFile; fileRef = 527351AF2BBC965D007494F6 /* CardViewLayout.swift */; };
		5274505C2BC20457004BE60B /* GridProductCollectionViewCell.swift in Sources */ = {isa = PBXBuildFile; fileRef = 5274505A2BC20457004BE60B /* GridProductCollectionViewCell.swift */; };
		5274505D2BC20457004BE60B /* GridProductCollectionViewCell.xib in Resources */ = {isa = PBXBuildFile; fileRef = 5274505B2BC20457004BE60B /* GridProductCollectionViewCell.xib */; };
		527450612BC9C4EE004BE60B /* SortByViewController.swift in Sources */ = {isa = PBXBuildFile; fileRef = 527450602BC9C4EE004BE60B /* SortByViewController.swift */; };
		5274E2572BAA32C600717E75 /* homeVc.swift in Sources */ = {isa = PBXBuildFile; fileRef = 5274E2562BAA32C600717E75 /* homeVc.swift */; };
		5274E25A2BAA44B100717E75 /* categoriesCollectionViewCell.swift in Sources */ = {isa = PBXBuildFile; fileRef = 5274E2582BAA44B100717E75 /* categoriesCollectionViewCell.swift */; };
		5274E25B2BAA44B100717E75 /* categoriesCollectionViewCell.xib in Resources */ = {isa = PBXBuildFile; fileRef = 5274E2592BAA44B100717E75 /* categoriesCollectionViewCell.xib */; };
		5286A8272C3DD3000082AAC2 /* MassagesViewController.swift in Sources */ = {isa = PBXBuildFile; fileRef = 5286A8262C3DD3000082AAC2 /* MassagesViewController.swift */; };
		5286A82B2C3DDA2F0082AAC2 /* MassagesTableViewCell.swift in Sources */ = {isa = PBXBuildFile; fileRef = 5286A8292C3DDA2F0082AAC2 /* MassagesTableViewCell.swift */; };
		5286A82C2C3DDA2F0082AAC2 /* MassagesTableViewCell.xib in Resources */ = {isa = PBXBuildFile; fileRef = 5286A82A2C3DDA2F0082AAC2 /* MassagesTableViewCell.xib */; };
		52C0494D2BA3C95600C3C82A /* signupVc.swift in Sources */ = {isa = PBXBuildFile; fileRef = 52C0494C2BA3C95600C3C82A /* signupVc.swift */; };
		52C0494F2BA51C9A00C3C82A /* ExUIView.swift in Sources */ = {isa = PBXBuildFile; fileRef = 52C0494E2BA51C9A00C3C82A /* ExUIView.swift */; };
		52C049562BA5267700C3C82A /* Roboto-Black.ttf in Resources */ = {isa = PBXBuildFile; fileRef = 52C049512BA5267700C3C82A /* Roboto-Black.ttf */; };
		52C049572BA5267700C3C82A /* Roboto-Medium.ttf in Resources */ = {isa = PBXBuildFile; fileRef = 52C049522BA5267700C3C82A /* Roboto-Medium.ttf */; };
		52C049582BA5267700C3C82A /* Roboto-Light.ttf in Resources */ = {isa = PBXBuildFile; fileRef = 52C049532BA5267700C3C82A /* Roboto-Light.ttf */; };
		52C049592BA5267700C3C82A /* Roboto-Regular.ttf in Resources */ = {isa = PBXBuildFile; fileRef = 52C049542BA5267700C3C82A /* Roboto-Regular.ttf */; };
		52C0495A2BA5267700C3C82A /* Roboto-Bold.ttf in Resources */ = {isa = PBXBuildFile; fileRef = 52C049552BA5267700C3C82A /* Roboto-Bold.ttf */; };
/* End PBXBuildFile section */

/* Begin PBXFileReference section */
		520194002C40ADDB00E50B56 /* ProductDetailsVC.swift */ = {isa = PBXFileReference; lastKnownFileType = sourcecode.swift; path = ProductDetailsVC.swift; sourceTree = "<group>"; };
		520194052C41BC2600E50B56 /* ChatListViewController.swift */ = {isa = PBXFileReference; lastKnownFileType = sourcecode.swift; path = ChatListViewController.swift; sourceTree = "<group>"; };
		520194072C41BE8600E50B56 /* ChatListTableViewCell.swift */ = {isa = PBXFileReference; lastKnownFileType = sourcecode.swift; path = ChatListTableViewCell.swift; sourceTree = "<group>"; };
		520194082C41BE8600E50B56 /* ChatListTableViewCell.xib */ = {isa = PBXFileReference; lastKnownFileType = file.xib; path = ChatListTableViewCell.xib; sourceTree = "<group>"; };
		52153A712BB0CF5000690408 /* NewCollectionVc.swift */ = {isa = PBXFileReference; lastKnownFileType = sourcecode.swift; path = NewCollectionVc.swift; sourceTree = "<group>"; };
		52153A742BB0DD8D00690408 /* SubCategoriesCollectionViewCell.swift */ = {isa = PBXFileReference; lastKnownFileType = sourcecode.swift; path = SubCategoriesCollectionViewCell.swift; sourceTree = "<group>"; };
		52153A752BB0DD8D00690408 /* SubCategoriesCollectionViewCell.xib */ = {isa = PBXFileReference; lastKnownFileType = file.xib; path = SubCategoriesCollectionViewCell.xib; sourceTree = "<group>"; };
		5227CD002B97C85E008388D5 /* e-commerce.app */ = {isa = PBXFileReference; explicitFileType = wrapper.application; includeInIndex = 0; path = "e-commerce.app"; sourceTree = BUILT_PRODUCTS_DIR; };
		5227CD032B97C85E008388D5 /* AppDelegate.swift */ = {isa = PBXFileReference; lastKnownFileType = sourcecode.swift; path = AppDelegate.swift; sourceTree = "<group>"; };
		5227CD052B97C85E008388D5 /* SceneDelegate.swift */ = {isa = PBXFileReference; lastKnownFileType = sourcecode.swift; path = SceneDelegate.swift; sourceTree = "<group>"; };
		5227CD0A2B97C85E008388D5 /* Base */ = {isa = PBXFileReference; lastKnownFileType = file.storyboard; name = Base; path = Base.lproj/Main.storyboard; sourceTree = "<group>"; };
		5227CD0C2B97C862008388D5 /* Assets.xcassets */ = {isa = PBXFileReference; lastKnownFileType = folder.assetcatalog; path = Assets.xcassets; sourceTree = "<group>"; };
		5227CD0F2B97C862008388D5 /* Base */ = {isa = PBXFileReference; lastKnownFileType = file.storyboard; name = Base; path = Base.lproj/LaunchScreen.storyboard; sourceTree = "<group>"; };
		5227CD112B97C862008388D5 /* Info.plist */ = {isa = PBXFileReference; lastKnownFileType = text.plist.xml; path = Info.plist; sourceTree = "<group>"; };
		5227CD172B97CA4A008388D5 /* signinVc.swift */ = {isa = PBXFileReference; lastKnownFileType = sourcecode.swift; path = signinVc.swift; sourceTree = "<group>"; };
		527351AB2BB8D0AF007494F6 /* ListProductsCollectionViewCell.swift */ = {isa = PBXFileReference; lastKnownFileType = sourcecode.swift; path = ListProductsCollectionViewCell.swift; sourceTree = "<group>"; };
		527351AC2BB8D0AF007494F6 /* ListProductsCollectionViewCell.xib */ = {isa = PBXFileReference; lastKnownFileType = file.xib; path = ListProductsCollectionViewCell.xib; sourceTree = "<group>"; };
		527351AF2BBC965D007494F6 /* CardViewLayout.swift */ = {isa = PBXFileReference; lastKnownFileType = sourcecode.swift; path = CardViewLayout.swift; sourceTree = "<group>"; };
		5274505A2BC20457004BE60B /* GridProductCollectionViewCell.swift */ = {isa = PBXFileReference; lastKnownFileType = sourcecode.swift; path = GridProductCollectionViewCell.swift; sourceTree = "<group>"; };
		5274505B2BC20457004BE60B /* GridProductCollectionViewCell.xib */ = {isa = PBXFileReference; lastKnownFileType = file.xib; path = GridProductCollectionViewCell.xib; sourceTree = "<group>"; };
		527450602BC9C4EE004BE60B /* SortByViewController.swift */ = {isa = PBXFileReference; lastKnownFileType = sourcecode.swift; path = SortByViewController.swift; sourceTree = "<group>"; };
		5274E2562BAA32C600717E75 /* homeVc.swift */ = {isa = PBXFileReference; lastKnownFileType = sourcecode.swift; path = homeVc.swift; sourceTree = "<group>"; };
		5274E2582BAA44B100717E75 /* categoriesCollectionViewCell.swift */ = {isa = PBXFileReference; lastKnownFileType = sourcecode.swift; path = categoriesCollectionViewCell.swift; sourceTree = "<group>"; };
		5274E2592BAA44B100717E75 /* categoriesCollectionViewCell.xib */ = {isa = PBXFileReference; lastKnownFileType = file.xib; path = categoriesCollectionViewCell.xib; sourceTree = "<group>"; };
		5286A8262C3DD3000082AAC2 /* MassagesViewController.swift */ = {isa = PBXFileReference; lastKnownFileType = sourcecode.swift; path = MassagesViewController.swift; sourceTree = "<group>"; };
		5286A8292C3DDA2F0082AAC2 /* MassagesTableViewCell.swift */ = {isa = PBXFileReference; lastKnownFileType = sourcecode.swift; path = MassagesTableViewCell.swift; sourceTree = "<group>"; };
		5286A82A2C3DDA2F0082AAC2 /* MassagesTableViewCell.xib */ = {isa = PBXFileReference; lastKnownFileType = file.xib; path = MassagesTableViewCell.xib; sourceTree = "<group>"; };
		52C0494C2BA3C95600C3C82A /* signupVc.swift */ = {isa = PBXFileReference; lastKnownFileType = sourcecode.swift; path = signupVc.swift; sourceTree = "<group>"; };
		52C0494E2BA51C9A00C3C82A /* ExUIView.swift */ = {isa = PBXFileReference; lastKnownFileType = sourcecode.swift; path = ExUIView.swift; sourceTree = "<group>"; };
		52C049512BA5267700C3C82A /* Roboto-Black.ttf */ = {isa = PBXFileReference; lastKnownFileType = file; path = "Roboto-Black.ttf"; sourceTree = "<group>"; };
		52C049522BA5267700C3C82A /* Roboto-Medium.ttf */ = {isa = PBXFileReference; lastKnownFileType = file; path = "Roboto-Medium.ttf"; sourceTree = "<group>"; };
		52C049532BA5267700C3C82A /* Roboto-Light.ttf */ = {isa = PBXFileReference; lastKnownFileType = file; path = "Roboto-Light.ttf"; sourceTree = "<group>"; };
		52C049542BA5267700C3C82A /* Roboto-Regular.ttf */ = {isa = PBXFileReference; lastKnownFileType = file; path = "Roboto-Regular.ttf"; sourceTree = "<group>"; };
		52C049552BA5267700C3C82A /* Roboto-Bold.ttf */ = {isa = PBXFileReference; lastKnownFileType = file; path = "Roboto-Bold.ttf"; sourceTree = "<group>"; };
/* End PBXFileReference section */

/* Begin PBXFrameworksBuildPhase section */
		5227CCFD2B97C85E008388D5 /* Frameworks */ = {
			isa = PBXFrameworksBuildPhase;
			buildActionMask = 2147483647;
			files = (
			);
			runOnlyForDeploymentPostprocessing = 0;
		};
/* End PBXFrameworksBuildPhase section */

/* Begin PBXGroup section */
		520193FF2C40AD6F00E50B56 /* Product Details */ = {
			isa = PBXGroup;
			children = (
				520194002C40ADDB00E50B56 /* ProductDetailsVC.swift */,
			);
			path = "Product Details";
			sourceTree = "<group>";
		};
		520194022C41BABA00E50B56 /* ChatList */ = {
			isa = PBXGroup;
			children = (
				520194052C41BC2600E50B56 /* ChatListViewController.swift */,
				520194032C41BADD00E50B56 /* Cell */,
			);
			path = ChatList;
			sourceTree = "<group>";
		};
		520194032C41BADD00E50B56 /* Cell */ = {
			isa = PBXGroup;
			children = (
				520194072C41BE8600E50B56 /* ChatListTableViewCell.swift */,
				520194082C41BE8600E50B56 /* ChatListTableViewCell.xib */,
			);
			path = Cell;
			sourceTree = "<group>";
		};
		520194042C41BB7C00E50B56 /* MassageList */ = {
			isa = PBXGroup;
			children = (
				5286A8262C3DD3000082AAC2 /* MassagesViewController.swift */,
				5286A8282C3DD9CB0082AAC2 /* Cell */,
			);
			path = MassageList;
			sourceTree = "<group>";
		};
		52153A702BB0CE8A00690408 /* NewCollection */ = {
			isa = PBXGroup;
			children = (
				52153A712BB0CF5000690408 /* NewCollectionVc.swift */,
				52153A732BB0DD0D00690408 /* cell */,
			);
			path = NewCollection;
			sourceTree = "<group>";
		};
		52153A732BB0DD0D00690408 /* cell */ = {
			isa = PBXGroup;
			children = (
				52153A742BB0DD8D00690408 /* SubCategoriesCollectionViewCell.swift */,
				52153A752BB0DD8D00690408 /* SubCategoriesCollectionViewCell.xib */,
				527351AB2BB8D0AF007494F6 /* ListProductsCollectionViewCell.swift */,
				527351AC2BB8D0AF007494F6 /* ListProductsCollectionViewCell.xib */,
				5274505A2BC20457004BE60B /* GridProductCollectionViewCell.swift */,
				5274505B2BC20457004BE60B /* GridProductCollectionViewCell.xib */,
			);
			path = cell;
			sourceTree = "<group>";
		};
		5227CCF72B97C85E008388D5 = {
			isa = PBXGroup;
			children = (
				5227CD022B97C85E008388D5 /* e-commerce */,
				5227CD012B97C85E008388D5 /* Products */,
			);
			sourceTree = "<group>";
		};
		5227CD012B97C85E008388D5 /* Products */ = {
			isa = PBXGroup;
			children = (
				5227CD002B97C85E008388D5 /* e-commerce.app */,
			);
			name = Products;
			sourceTree = "<group>";
		};
		5227CD022B97C85E008388D5 /* e-commerce */ = {
			isa = PBXGroup;
			children = (
				52C0495B2BA6321E00C3C82A /* Core */,
				52C0495C2BA6326600C3C82A /* Resources */,
				52C0495E2BA638DC00C3C82A /* Helper */,
				52C0495D2BA6357F00C3C82A /* Authentication */,
			);
			path = "e-commerce";
			sourceTree = "<group>";
		};
		5274505E2BC8492F004BE60B /* classes */ = {
			isa = PBXGroup;
			children = (
				527351AF2BBC965D007494F6 /* CardViewLayout.swift */,
			);
			path = classes;
			sourceTree = "<group>";
		};
		5274505F2BC9C4AD004BE60B /* Sort By */ = {
			isa = PBXGroup;
			children = (
				527450602BC9C4EE004BE60B /* SortByViewController.swift */,
			);
			path = "Sort By";
			sourceTree = "<group>";
		};
		5274E2552BAA325700717E75 /* Main */ = {
			isa = PBXGroup;
			children = (
				520193FF2C40AD6F00E50B56 /* Product Details */,
				5286A8252C3DD1EC0082AAC2 /* Massages */,
				5227CD092B97C85E008388D5 /* Main.storyboard */,
				5274E25C2BAA4CF100717E75 /* Home */,
				52153A702BB0CE8A00690408 /* NewCollection */,
				5274505F2BC9C4AD004BE60B /* Sort By */,
			);
			path = Main;
			sourceTree = "<group>";
		};
		5274E25C2BAA4CF100717E75 /* Home */ = {
			isa = PBXGroup;
			children = (
				5274E2562BAA32C600717E75 /* homeVc.swift */,
				5274E2582BAA44B100717E75 /* categoriesCollectionViewCell.swift */,
				5274E2592BAA44B100717E75 /* categoriesCollectionViewCell.xib */,
			);
			path = Home;
			sourceTree = "<group>";
		};
		5286A8252C3DD1EC0082AAC2 /* Massages */ = {
			isa = PBXGroup;
			children = (
				520194042C41BB7C00E50B56 /* MassageList */,
				520194022C41BABA00E50B56 /* ChatList */,
			);
			path = Massages;
			sourceTree = "<group>";
		};
		5286A8282C3DD9CB0082AAC2 /* Cell */ = {
			isa = PBXGroup;
			children = (
				5286A8292C3DDA2F0082AAC2 /* MassagesTableViewCell.swift */,
				5286A82A2C3DDA2F0082AAC2 /* MassagesTableViewCell.xib */,
			);
			path = Cell;
			sourceTree = "<group>";
		};
		52C049502BA525F800C3C82A /* Font */ = {
			isa = PBXGroup;
			children = (
				52C049512BA5267700C3C82A /* Roboto-Black.ttf */,
				52C049552BA5267700C3C82A /* Roboto-Bold.ttf */,
				52C049532BA5267700C3C82A /* Roboto-Light.ttf */,
				52C049522BA5267700C3C82A /* Roboto-Medium.ttf */,
				52C049542BA5267700C3C82A /* Roboto-Regular.ttf */,
			);
			path = Font;
			sourceTree = "<group>";
		};
		52C0495B2BA6321E00C3C82A /* Core */ = {
			isa = PBXGroup;
			children = (
				5227CD032B97C85E008388D5 /* AppDelegate.swift */,
				5227CD052B97C85E008388D5 /* SceneDelegate.swift */,
			);
			path = Core;
			sourceTree = "<group>";
		};
		52C0495C2BA6326600C3C82A /* Resources */ = {
			isa = PBXGroup;
			children = (
				52C049502BA525F800C3C82A /* Font */,
				5227CD0C2B97C862008388D5 /* Assets.xcassets */,
				5227CD0E2B97C862008388D5 /* LaunchScreen.storyboard */,
				5227CD112B97C862008388D5 /* Info.plist */,
			);
			path = Resources;
			sourceTree = "<group>";
		};
		52C0495D2BA6357F00C3C82A /* Authentication */ = {
			isa = PBXGroup;
			children = (
				5227CD172B97CA4A008388D5 /* signinVc.swift */,
				52C0494C2BA3C95600C3C82A /* signupVc.swift */,
				5274E2552BAA325700717E75 /* Main */,
			);
			path = Authentication;
			sourceTree = "<group>";
		};
		52C0495E2BA638DC00C3C82A /* Helper */ = {
			isa = PBXGroup;
			children = (
				5274505E2BC8492F004BE60B /* classes */,
				52C0495F2BA638E700C3C82A /* Extension */,
			);
			path = Helper;
			sourceTree = "<group>";
		};
		52C0495F2BA638E700C3C82A /* Extension */ = {
			isa = PBXGroup;
			children = (
				52C0494E2BA51C9A00C3C82A /* ExUIView.swift */,
			);
			path = Extension;
			sourceTree = "<group>";
		};
/* End PBXGroup section */

/* Begin PBXNativeTarget section */
		5227CCFF2B97C85E008388D5 /* e-commerce */ = {
			isa = PBXNativeTarget;
			buildConfigurationList = 5227CD142B97C862008388D5 /* Build configuration list for PBXNativeTarget "e-commerce" */;
			buildPhases = (
				5227CCFC2B97C85E008388D5 /* Sources */,
				5227CCFD2B97C85E008388D5 /* Frameworks */,
				5227CCFE2B97C85E008388D5 /* Resources */,
			);
			buildRules = (
			);
			dependencies = (
			);
			name = "e-commerce";
			productName = "e-commerce";
			productReference = 5227CD002B97C85E008388D5 /* e-commerce.app */;
			productType = "com.apple.product-type.application";
		};
/* End PBXNativeTarget section */

/* Begin PBXProject section */
		5227CCF82B97C85E008388D5 /* Project object */ = {
			isa = PBXProject;
			attributes = {
				BuildIndependentTargetsInParallel = 1;
				LastSwiftUpdateCheck = 1310;
				LastUpgradeCheck = 1310;
				TargetAttributes = {
					5227CCFF2B97C85E008388D5 = {
						CreatedOnToolsVersion = 13.1;
					};
				};
			};
			buildConfigurationList = 5227CCFB2B97C85E008388D5 /* Build configuration list for PBXProject "e-commerce" */;
			compatibilityVersion = "Xcode 13.0";
			developmentRegion = en;
			hasScannedForEncodings = 0;
			knownRegions = (
				en,
				Base,
			);
			mainGroup = 5227CCF72B97C85E008388D5;
			productRefGroup = 5227CD012B97C85E008388D5 /* Products */;
			projectDirPath = "";
			projectRoot = "";
			targets = (
				5227CCFF2B97C85E008388D5 /* e-commerce */,
			);
		};
/* End PBXProject section */

/* Begin PBXResourcesBuildPhase section */
		5227CCFE2B97C85E008388D5 /* Resources */ = {
			isa = PBXResourcesBuildPhase;
			buildActionMask = 2147483647;
			files = (
				52C049572BA5267700C3C82A /* Roboto-Medium.ttf in Resources */,
				5274E25B2BAA44B100717E75 /* categoriesCollectionViewCell.xib in Resources */,
				527351AE2BB8D0B0007494F6 /* ListProductsCollectionViewCell.xib in Resources */,
				52C049592BA5267700C3C82A /* Roboto-Regular.ttf in Resources */,
				5227CD102B97C862008388D5 /* LaunchScreen.storyboard in Resources */,
				52C049582BA5267700C3C82A /* Roboto-Light.ttf in Resources */,
				52153A772BB0DD8D00690408 /* SubCategoriesCollectionViewCell.xib in Resources */,
				5227CD0D2B97C862008388D5 /* Assets.xcassets in Resources */,
				5274505D2BC20457004BE60B /* GridProductCollectionViewCell.xib in Resources */,
				5201940A2C41BE8600E50B56 /* ChatListTableViewCell.xib in Resources */,
				5286A82C2C3DDA2F0082AAC2 /* MassagesTableViewCell.xib in Resources */,
				5227CD0B2B97C85E008388D5 /* Main.storyboard in Resources */,
				52C0495A2BA5267700C3C82A /* Roboto-Bold.ttf in Resources */,
				52C049562BA5267700C3C82A /* Roboto-Black.ttf in Resources */,
			);
			runOnlyForDeploymentPostprocessing = 0;
		};
/* End PBXResourcesBuildPhase section */

/* Begin PBXSourcesBuildPhase section */
		5227CCFC2B97C85E008388D5 /* Sources */ = {
			isa = PBXSourcesBuildPhase;
			buildActionMask = 2147483647;
			files = (
				52153A762BB0DD8D00690408 /* SubCategoriesCollectionViewCell.swift in Sources */,
				520194012C40ADDB00E50B56 /* ProductDetailsVC.swift in Sources */,
				5286A82B2C3DDA2F0082AAC2 /* MassagesTableViewCell.swift in Sources */,
				5274E25A2BAA44B100717E75 /* categoriesCollectionViewCell.swift in Sources */,
				52C0494D2BA3C95600C3C82A /* signupVc.swift in Sources */,
				5274E2572BAA32C600717E75 /* homeVc.swift in Sources */,
				5227CD042B97C85E008388D5 /* AppDelegate.swift in Sources */,
				52C0494F2BA51C9A00C3C82A /* ExUIView.swift in Sources */,
				527351AD2BB8D0B0007494F6 /* ListProductsCollectionViewCell.swift in Sources */,
				527351B02BBC965D007494F6 /* CardViewLayout.swift in Sources */,
				5286A8272C3DD3000082AAC2 /* MassagesViewController.swift in Sources */,
				527450612BC9C4EE004BE60B /* SortByViewController.swift in Sources */,
				520194062C41BC2600E50B56 /* ChatListViewController.swift in Sources */,
				5274505C2BC20457004BE60B /* GridProductCollectionViewCell.swift in Sources */,
				5227CD182B97CA4A008388D5 /* signinVc.swift in Sources */,
				520194092C41BE8600E50B56 /* ChatListTableViewCell.swift in Sources */,
				5227CD062B97C85E008388D5 /* SceneDelegate.swift in Sources */,
				52153A722BB0CF5000690408 /* NewCollectionVc.swift in Sources */,
			);
			runOnlyForDeploymentPostprocessing = 0;
		};
/* End PBXSourcesBuildPhase section */

/* Begin PBXVariantGroup section */
		5227CD092B97C85E008388D5 /* Main.storyboard */ = {
			isa = PBXVariantGroup;
			children = (
				5227CD0A2B97C85E008388D5 /* Base */,
			);
			name = Main.storyboard;
			sourceTree = "<group>";
		};
		5227CD0E2B97C862008388D5 /* LaunchScreen.storyboard */ = {
			isa = PBXVariantGroup;
			children = (
				5227CD0F2B97C862008388D5 /* Base */,
			);
			name = LaunchScreen.storyboard;
			sourceTree = "<group>";
		};
/* End PBXVariantGroup section */

/* Begin XCBuildConfiguration section */
		5227CD122B97C862008388D5 /* Debug */ = {
			isa = XCBuildConfiguration;
			buildSettings = {
				ALWAYS_SEARCH_USER_PATHS = NO;
				CLANG_ANALYZER_NONNULL = YES;
				CLANG_ANALYZER_NUMBER_OBJECT_CONVERSION = YES_AGGRESSIVE;
				CLANG_CXX_LANGUAGE_STANDARD = "gnu++17";
				CLANG_CXX_LIBRARY = "libc++";
				CLANG_ENABLE_MODULES = YES;
				CLANG_ENABLE_OBJC_ARC = YES;
				CLANG_ENABLE_OBJC_WEAK = YES;
				CLANG_WARN_BLOCK_CAPTURE_AUTORELEASING = YES;
				CLANG_WARN_BOOL_CONVERSION = YES;
				CLANG_WARN_COMMA = YES;
				CLANG_WARN_CONSTANT_CONVERSION = YES;
				CLANG_WARN_DEPRECATED_OBJC_IMPLEMENTATIONS = YES;
				CLANG_WARN_DIRECT_OBJC_ISA_USAGE = YES_ERROR;
				CLANG_WARN_DOCUMENTATION_COMMENTS = YES;
				CLANG_WARN_EMPTY_BODY = YES;
				CLANG_WARN_ENUM_CONVERSION = YES;
				CLANG_WARN_INFINITE_RECURSION = YES;
				CLANG_WARN_INT_CONVERSION = YES;
				CLANG_WARN_NON_LITERAL_NULL_CONVERSION = YES;
				CLANG_WARN_OBJC_IMPLICIT_RETAIN_SELF = YES;
				CLANG_WARN_OBJC_LITERAL_CONVERSION = YES;
				CLANG_WARN_OBJC_ROOT_CLASS = YES_ERROR;
				CLANG_WARN_QUOTED_INCLUDE_IN_FRAMEWORK_HEADER = YES;
				CLANG_WARN_RANGE_LOOP_ANALYSIS = YES;
				CLANG_WARN_STRICT_PROTOTYPES = YES;
				CLANG_WARN_SUSPICIOUS_MOVE = YES;
				CLANG_WARN_UNGUARDED_AVAILABILITY = YES_AGGRESSIVE;
				CLANG_WARN_UNREACHABLE_CODE = YES;
				CLANG_WARN__DUPLICATE_METHOD_MATCH = YES;
				COPY_PHASE_STRIP = NO;
				DEBUG_INFORMATION_FORMAT = dwarf;
				ENABLE_STRICT_OBJC_MSGSEND = YES;
				ENABLE_TESTABILITY = YES;
				GCC_C_LANGUAGE_STANDARD = gnu11;
				GCC_DYNAMIC_NO_PIC = NO;
				GCC_NO_COMMON_BLOCKS = YES;
				GCC_OPTIMIZATION_LEVEL = 0;
				GCC_PREPROCESSOR_DEFINITIONS = (
					"DEBUG=1",
					"$(inherited)",
				);
				GCC_WARN_64_TO_32_BIT_CONVERSION = YES;
				GCC_WARN_ABOUT_RETURN_TYPE = YES_ERROR;
				GCC_WARN_UNDECLARED_SELECTOR = YES;
				GCC_WARN_UNINITIALIZED_AUTOS = YES_AGGRESSIVE;
				GCC_WARN_UNUSED_FUNCTION = YES;
				GCC_WARN_UNUSED_VARIABLE = YES;
				IPHONEOS_DEPLOYMENT_TARGET = 15.0;
				MTL_ENABLE_DEBUG_INFO = INCLUDE_SOURCE;
				MTL_FAST_MATH = YES;
				ONLY_ACTIVE_ARCH = YES;
				SDKROOT = iphoneos;
				SWIFT_ACTIVE_COMPILATION_CONDITIONS = DEBUG;
				SWIFT_OPTIMIZATION_LEVEL = "-Onone";
			};
			name = Debug;
		};
		5227CD132B97C862008388D5 /* Release */ = {
			isa = XCBuildConfiguration;
			buildSettings = {
				ALWAYS_SEARCH_USER_PATHS = NO;
				CLANG_ANALYZER_NONNULL = YES;
				CLANG_ANALYZER_NUMBER_OBJECT_CONVERSION = YES_AGGRESSIVE;
				CLANG_CXX_LANGUAGE_STANDARD = "gnu++17";
				CLANG_CXX_LIBRARY = "libc++";
				CLANG_ENABLE_MODULES = YES;
				CLANG_ENABLE_OBJC_ARC = YES;
				CLANG_ENABLE_OBJC_WEAK = YES;
				CLANG_WARN_BLOCK_CAPTURE_AUTORELEASING = YES;
				CLANG_WARN_BOOL_CONVERSION = YES;
				CLANG_WARN_COMMA = YES;
				CLANG_WARN_CONSTANT_CONVERSION = YES;
				CLANG_WARN_DEPRECATED_OBJC_IMPLEMENTATIONS = YES;
				CLANG_WARN_DIRECT_OBJC_ISA_USAGE = YES_ERROR;
				CLANG_WARN_DOCUMENTATION_COMMENTS = YES;
				CLANG_WARN_EMPTY_BODY = YES;
				CLANG_WARN_ENUM_CONVERSION = YES;
				CLANG_WARN_INFINITE_RECURSION = YES;
				CLANG_WARN_INT_CONVERSION = YES;
				CLANG_WARN_NON_LITERAL_NULL_CONVERSION = YES;
				CLANG_WARN_OBJC_IMPLICIT_RETAIN_SELF = YES;
				CLANG_WARN_OBJC_LITERAL_CONVERSION = YES;
				CLANG_WARN_OBJC_ROOT_CLASS = YES_ERROR;
				CLANG_WARN_QUOTED_INCLUDE_IN_FRAMEWORK_HEADER = YES;
				CLANG_WARN_RANGE_LOOP_ANALYSIS = YES;
				CLANG_WARN_STRICT_PROTOTYPES = YES;
				CLANG_WARN_SUSPICIOUS_MOVE = YES;
				CLANG_WARN_UNGUARDED_AVAILABILITY = YES_AGGRESSIVE;
				CLANG_WARN_UNREACHABLE_CODE = YES;
				CLANG_WARN__DUPLICATE_METHOD_MATCH = YES;
				COPY_PHASE_STRIP = NO;
				DEBUG_INFORMATION_FORMAT = "dwarf-with-dsym";
				ENABLE_NS_ASSERTIONS = NO;
				ENABLE_STRICT_OBJC_MSGSEND = YES;
				GCC_C_LANGUAGE_STANDARD = gnu11;
				GCC_NO_COMMON_BLOCKS = YES;
				GCC_WARN_64_TO_32_BIT_CONVERSION = YES;
				GCC_WARN_ABOUT_RETURN_TYPE = YES_ERROR;
				GCC_WARN_UNDECLARED_SELECTOR = YES;
				GCC_WARN_UNINITIALIZED_AUTOS = YES_AGGRESSIVE;
				GCC_WARN_UNUSED_FUNCTION = YES;
				GCC_WARN_UNUSED_VARIABLE = YES;
				IPHONEOS_DEPLOYMENT_TARGET = 15.0;
				MTL_ENABLE_DEBUG_INFO = NO;
				MTL_FAST_MATH = YES;
				SDKROOT = iphoneos;
				SWIFT_COMPILATION_MODE = wholemodule;
				SWIFT_OPTIMIZATION_LEVEL = "-O";
				VALIDATE_PRODUCT = YES;
			};
			name = Release;
		};
		5227CD152B97C862008388D5 /* Debug */ = {
			isa = XCBuildConfiguration;
			buildSettings = {
				ASSETCATALOG_COMPILER_APPICON_NAME = AppIcon;
				ASSETCATALOG_COMPILER_GLOBAL_ACCENT_COLOR_NAME = AccentColor;
				CODE_SIGN_STYLE = Automatic;
				CURRENT_PROJECT_VERSION = 1;
				GENERATE_INFOPLIST_FILE = YES;
				INFOPLIST_FILE = "e-commerce/Resources/Info.plist";
				INFOPLIST_KEY_CFBundleDisplayName = "e-commerce";
				INFOPLIST_KEY_UIApplicationSupportsIndirectInputEvents = YES;
				INFOPLIST_KEY_UILaunchStoryboardName = LaunchScreen;
				INFOPLIST_KEY_UIMainStoryboardFile = Main;
				INFOPLIST_KEY_UISupportedInterfaceOrientations = UIInterfaceOrientationPortrait;
				INFOPLIST_KEY_UISupportedInterfaceOrientations_iPad = "UIInterfaceOrientationPortrait UIInterfaceOrientationPortraitUpsideDown UIInterfaceOrientationLandscapeLeft UIInterfaceOrientationLandscapeRight";
				INFOPLIST_KEY_UISupportedInterfaceOrientations_iPhone = "UIInterfaceOrientationPortrait UIInterfaceOrientationLandscapeLeft UIInterfaceOrientationLandscapeRight";
				IPHONEOS_DEPLOYMENT_TARGET = 14.5;
				LD_RUNPATH_SEARCH_PATHS = (
					"$(inherited)",
					"@executable_path/Frameworks",
				);
				MARKETING_VERSION = 1.0;
				PRODUCT_BUNDLE_IDENTIFIER = "com.Aly.e-commerce";
				PRODUCT_NAME = "$(TARGET_NAME)";
				SWIFT_EMIT_LOC_STRINGS = YES;
				SWIFT_VERSION = 5.0;
				TARGETED_DEVICE_FAMILY = 1;
			};
			name = Debug;
		};
		5227CD162B97C862008388D5 /* Release */ = {
			isa = XCBuildConfiguration;
			buildSettings = {
				ASSETCATALOG_COMPILER_APPICON_NAME = AppIcon;
				ASSETCATALOG_COMPILER_GLOBAL_ACCENT_COLOR_NAME = AccentColor;
				CODE_SIGN_STYLE = Automatic;
				CURRENT_PROJECT_VERSION = 1;
				GENERATE_INFOPLIST_FILE = YES;
				INFOPLIST_FILE = "e-commerce/Resources/Info.plist";
				INFOPLIST_KEY_CFBundleDisplayName = "e-commerce";
				INFOPLIST_KEY_UIApplicationSupportsIndirectInputEvents = YES;
				INFOPLIST_KEY_UILaunchStoryboardName = LaunchScreen;
				INFOPLIST_KEY_UIMainStoryboardFile = Main;
				INFOPLIST_KEY_UISupportedInterfaceOrientations = UIInterfaceOrientationPortrait;
				INFOPLIST_KEY_UISupportedInterfaceOrientations_iPad = "UIInterfaceOrientationPortrait UIInterfaceOrientationPortraitUpsideDown UIInterfaceOrientationLandscapeLeft UIInterfaceOrientationLandscapeRight";
				INFOPLIST_KEY_UISupportedInterfaceOrientations_iPhone = "UIInterfaceOrientationPortrait UIInterfaceOrientationLandscapeLeft UIInterfaceOrientationLandscapeRight";
				IPHONEOS_DEPLOYMENT_TARGET = 14.5;
				LD_RUNPATH_SEARCH_PATHS = (
					"$(inherited)",
					"@executable_path/Frameworks",
				);
				MARKETING_VERSION = 1.0;
				PRODUCT_BUNDLE_IDENTIFIER = "com.Aly.e-commerce";
				PRODUCT_NAME = "$(TARGET_NAME)";
				SWIFT_EMIT_LOC_STRINGS = YES;
				SWIFT_VERSION = 5.0;
				TARGETED_DEVICE_FAMILY = 1;
			};
			name = Release;
		};
/* End XCBuildConfiguration section */

/* Begin XCConfigurationList section */
		5227CCFB2B97C85E008388D5 /* Build configuration list for PBXProject "e-commerce" */ = {
			isa = XCConfigurationList;
			buildConfigurations = (
				5227CD122B97C862008388D5 /* Debug */,
				5227CD132B97C862008388D5 /* Release */,
			);
			defaultConfigurationIsVisible = 0;
			defaultConfigurationName = Release;
		};
		5227CD142B97C862008388D5 /* Build configuration list for PBXNativeTarget "e-commerce" */ = {
			isa = XCConfigurationList;
			buildConfigurations = (
				5227CD152B97C862008388D5 /* Debug */,
				5227CD162B97C862008388D5 /* Release */,
			);
			defaultConfigurationIsVisible = 0;
			defaultConfigurationName = Release;
		};
/* End XCConfigurationList section */
	};
	rootObject = 5227CCF82B97C85E008388D5 /* Project object */;
}
